{
  "name": "docsify-pangu",
  "version": "1.0.0",
  "lockfileVersion": 1,
  "requires": true,
  "dependencies": {
    "pangu": {
      "version": "4.0.7",
      "resolved": "https://registry.npm.taobao.org/pangu/download/pangu-4.0.7.tgz",
      "integrity": "sha1-KkA0dzOwBKBA0BHeRgzDE8EDkck="
    }
  }
}
